// !$*UTF8*$!
{
	archiveVersion = 1;
	classes = {
	};
	objectVersion = 55;
	objects = {

/* Begin PBXBuildFile section */
		1387F8712878A8AC0084A835 /* AppDelegate.swift in Sources */ = {isa = PBXBuildFile; fileRef = 1387F8702878A8AC0084A835 /* AppDelegate.swift */; };
		1387F8732878A8AC0084A835 /* SceneDelegate.swift in Sources */ = {isa = PBXBuildFile; fileRef = 1387F8722878A8AC0084A835 /* SceneDelegate.swift */; };
		1387F8752878A8AC0084A835 /* CurrentLocationViewController.swift in Sources */ = {isa = PBXBuildFile; fileRef = 1387F8742878A8AC0084A835 /* CurrentLocationViewController.swift */; };
		1387F8782878A8AC0084A835 /* Main.storyboard in Resources */ = {isa = PBXBuildFile; fileRef = 1387F8762878A8AC0084A835 /* Main.storyboard */; };
		1387F87B2878A8AC0084A835 /* Photagrapher.xcdatamodeld in Sources */ = {isa = PBXBuildFile; fileRef = 1387F8792878A8AC0084A835 /* Photagrapher.xcdatamodeld */; };
		1387F87D2878A8AD0084A835 /* Assets.xcassets in Resources */ = {isa = PBXBuildFile; fileRef = 1387F87C2878A8AD0084A835 /* Assets.xcassets */; };
		1387F8802878A8AD0084A835 /* LaunchScreen.storyboard in Resources */ = {isa = PBXBuildFile; fileRef = 1387F87E2878A8AD0084A835 /* LaunchScreen.storyboard */; };
		13BA50B92898E1FC00C8C7EC /* Location+CoreDataClass.swift in Sources */ = {isa = PBXBuildFile; fileRef = 13BA50B72898E1FC00C8C7EC /* Location+CoreDataClass.swift */; };
		13BA50BA2898E1FC00C8C7EC /* Location+CoreDataProperties.swift in Sources */ = {isa = PBXBuildFile; fileRef = 13BA50B82898E1FC00C8C7EC /* Location+CoreDataProperties.swift */; };
		13BA50BF2898EF1900C8C7EC /* Utilities.swift in Sources */ = {isa = PBXBuildFile; fileRef = 13BA50BE2898EF1900C8C7EC /* Utilities.swift */; };
		13BA50C2289A32ED00C8C7EC /* Constants.swift in Sources */ = {isa = PBXBuildFile; fileRef = 13BA50C1289A32ED00C8C7EC /* Constants.swift */; };
		13BA50C4289A3C0D00C8C7EC /* LocationsViewController.swift in Sources */ = {isa = PBXBuildFile; fileRef = 13BA50C3289A3C0D00C8C7EC /* LocationsViewController.swift */; };
		13CD19AB28A0958400F41CE8 /* LocationManager.swift in Sources */ = {isa = PBXBuildFile; fileRef = 13CD19AA28A0958400F41CE8 /* LocationManager.swift */; };
		13F007A8289358F1004C23F3 /* LocationDetailViewController.swift in Sources */ = {isa = PBXBuildFile; fileRef = 13F007A7289358F1004C23F3 /* LocationDetailViewController.swift */; };
		13F007AA2893A6A1004C23F3 /* CategoryPickerViewController.swift in Sources */ = {isa = PBXBuildFile; fileRef = 13F007A92893A6A1004C23F3 /* CategoryPickerViewController.swift */; };
/* End PBXBuildFile section */

/* Begin PBXFileReference section */
		1387F86D2878A8AC0084A835 /* Photagrapher.app */ = {isa = PBXFileReference; explicitFileType = wrapper.application; includeInIndex = 0; path = Photagrapher.app; sourceTree = BUILT_PRODUCTS_DIR; };
		1387F8702878A8AC0084A835 /* AppDelegate.swift */ = {isa = PBXFileReference; lastKnownFileType = sourcecode.swift; path = AppDelegate.swift; sourceTree = "<group>"; };
		1387F8722878A8AC0084A835 /* SceneDelegate.swift */ = {isa = PBXFileReference; lastKnownFileType = sourcecode.swift; path = SceneDelegate.swift; sourceTree = "<group>"; };
		1387F8742878A8AC0084A835 /* CurrentLocationViewController.swift */ = {isa = PBXFileReference; lastKnownFileType = sourcecode.swift; path = CurrentLocationViewController.swift; sourceTree = "<group>"; };
		1387F8772878A8AC0084A835 /* Base */ = {isa = PBXFileReference; lastKnownFileType = file.storyboard; name = Base; path = Base.lproj/Main.storyboard; sourceTree = "<group>"; };
		1387F87A2878A8AC0084A835 /* Photagrapher.xcdatamodel */ = {isa = PBXFileReference; lastKnownFileType = wrapper.xcdatamodel; path = Photagrapher.xcdatamodel; sourceTree = "<group>"; };
		1387F87C2878A8AD0084A835 /* Assets.xcassets */ = {isa = PBXFileReference; lastKnownFileType = folder.assetcatalog; path = Assets.xcassets; sourceTree = "<group>"; };
		1387F87F2878A8AD0084A835 /* Base */ = {isa = PBXFileReference; lastKnownFileType = file.storyboard; name = Base; path = Base.lproj/LaunchScreen.storyboard; sourceTree = "<group>"; };
		1387F8812878A8AD0084A835 /* Info.plist */ = {isa = PBXFileReference; lastKnownFileType = text.plist.xml; path = Info.plist; sourceTree = "<group>"; };
		13BA50B72898E1FC00C8C7EC /* Location+CoreDataClass.swift */ = {isa = PBXFileReference; lastKnownFileType = sourcecode.swift; path = "Location+CoreDataClass.swift"; sourceTree = "<group>"; };
		13BA50B82898E1FC00C8C7EC /* Location+CoreDataProperties.swift */ = {isa = PBXFileReference; lastKnownFileType = sourcecode.swift; path = "Location+CoreDataProperties.swift"; sourceTree = "<group>"; };
		13BA50BE2898EF1900C8C7EC /* Utilities.swift */ = {isa = PBXFileReference; lastKnownFileType = sourcecode.swift; path = Utilities.swift; sourceTree = "<group>"; };
		13BA50C1289A32ED00C8C7EC /* Constants.swift */ = {isa = PBXFileReference; lastKnownFileType = sourcecode.swift; path = Constants.swift; sourceTree = "<group>"; };
		13BA50C3289A3C0D00C8C7EC /* LocationsViewController.swift */ = {isa = PBXFileReference; lastKnownFileType = sourcecode.swift; path = LocationsViewController.swift; sourceTree = "<group>"; };
		13CD19AA28A0958400F41CE8 /* LocationManager.swift */ = {isa = PBXFileReference; lastKnownFileType = sourcecode.swift; path = LocationManager.swift; sourceTree = "<group>"; };
		13F007A7289358F1004C23F3 /* LocationDetailViewController.swift */ = {isa = PBXFileReference; lastKnownFileType = sourcecode.swift; path = LocationDetailViewController.swift; sourceTree = "<group>"; };
		13F007A92893A6A1004C23F3 /* CategoryPickerViewController.swift */ = {isa = PBXFileReference; lastKnownFileType = sourcecode.swift; path = CategoryPickerViewController.swift; sourceTree = "<group>"; };
/* End PBXFileReference section */

/* Begin PBXFrameworksBuildPhase section */
		1387F86A2878A8AC0084A835 /* Frameworks */ = {
			isa = PBXFrameworksBuildPhase;
			buildActionMask = 2147483647;
			files = (
			);
			runOnlyForDeploymentPostprocessing = 0;
		};
/* End PBXFrameworksBuildPhase section */

/* Begin PBXGroup section */
		1387F8642878A8AC0084A835 = {
			isa = PBXGroup;
			children = (
				1387F86F2878A8AC0084A835 /* Photagrapher */,
				1387F86E2878A8AC0084A835 /* Products */,
			);
			sourceTree = "<group>";
		};
		1387F86E2878A8AC0084A835 /* Products */ = {
			isa = PBXGroup;
			children = (
				1387F86D2878A8AC0084A835 /* Photagrapher.app */,
			);
			name = Products;
			sourceTree = "<group>";
		};
		1387F86F2878A8AC0084A835 /* Photagrapher */ = {
			isa = PBXGroup;
			children = (
				1387F8702878A8AC0084A835 /* AppDelegate.swift */,
				1387F8722878A8AC0084A835 /* SceneDelegate.swift */,
				13BA50BB2898E91100C8C7EC /* Model */,
				13BA50BC2898E92A00C8C7EC /* Controllers */,
				13BA50BD2898E94F00C8C7EC /* View */,
				13BA50C02898EF3000C8C7EC /* Utilities */,
				1387F87C2878A8AD0084A835 /* Assets.xcassets */,
				1387F8812878A8AD0084A835 /* Info.plist */,
			);
			path = Photagrapher;
			sourceTree = "<group>";
		};
		13BA50BB2898E91100C8C7EC /* Model */ = {
			isa = PBXGroup;
			children = (
				13BA50B72898E1FC00C8C7EC /* Location+CoreDataClass.swift */,
				13BA50B82898E1FC00C8C7EC /* Location+CoreDataProperties.swift */,
				13CD19AA28A0958400F41CE8 /* LocationManager.swift */,
				1387F8792878A8AC0084A835 /* Photagrapher.xcdatamodeld */,
			);
			path = Model;
			sourceTree = "<group>";
		};
		13BA50BC2898E92A00C8C7EC /* Controllers */ = {
			isa = PBXGroup;
			children = (
				1387F8742878A8AC0084A835 /* CurrentLocationViewController.swift */,
				13F007A7289358F1004C23F3 /* LocationDetailViewController.swift */,
				13F007A92893A6A1004C23F3 /* CategoryPickerViewController.swift */,
				13BA50C3289A3C0D00C8C7EC /* LocationsViewController.swift */,
			);
			path = Controllers;
			sourceTree = "<group>";
		};
		13BA50BD2898E94F00C8C7EC /* View */ = {
			isa = PBXGroup;
			children = (
				1387F8762878A8AC0084A835 /* Main.storyboard */,
				1387F87E2878A8AD0084A835 /* LaunchScreen.storyboard */,
			);
			path = View;
			sourceTree = "<group>";
		};
		13BA50C02898EF3000C8C7EC /* Utilities */ = {
			isa = PBXGroup;
			children = (
				13BA50BE2898EF1900C8C7EC /* Utilities.swift */,
				13BA50C1289A32ED00C8C7EC /* Constants.swift */,
			);
			path = Utilities;
			sourceTree = "<group>";
		};
/* End PBXGroup section */

/* Begin PBXNativeTarget section */
		1387F86C2878A8AC0084A835 /* Photagrapher */ = {
			isa = PBXNativeTarget;
			buildConfigurationList = 1387F8842878A8AD0084A835 /* Build configuration list for PBXNativeTarget "Photagrapher" */;
			buildPhases = (
				1387F8692878A8AC0084A835 /* Sources */,
				1387F86A2878A8AC0084A835 /* Frameworks */,
				1387F86B2878A8AC0084A835 /* Resources */,
			);
			buildRules = (
			);
			dependencies = (
			);
			name = Photagrapher;
			productName = Photagrapher;
			productReference = 1387F86D2878A8AC0084A835 /* Photagrapher.app */;
			productType = "com.apple.product-type.application";
		};
/* End PBXNativeTarget section */

/* Begin PBXProject section */
		1387F8652878A8AC0084A835 /* Project object */ = {
			isa = PBXProject;
			attributes = {
				BuildIndependentTargetsInParallel = 1;
				LastSwiftUpdateCheck = 1340;
				LastUpgradeCheck = 1340;
				TargetAttributes = {
					1387F86C2878A8AC0084A835 = {
						CreatedOnToolsVersion = 13.4.1;
					};
				};
			};
			buildConfigurationList = 1387F8682878A8AC0084A835 /* Build configuration list for PBXProject "Photagrapher" */;
			compatibilityVersion = "Xcode 13.0";
			developmentRegion = en;
			hasScannedForEncodings = 0;
			knownRegions = (
				en,
				Base,
			);
			mainGroup = 1387F8642878A8AC0084A835;
			productRefGroup = 1387F86E2878A8AC0084A835 /* Products */;
			projectDirPath = "";
			projectRoot = "";
			targets = (
				1387F86C2878A8AC0084A835 /* Photagrapher */,
			);
		};
/* End PBXProject section */

/* Begin PBXResourcesBuildPhase section */
		1387F86B2878A8AC0084A835 /* Resources */ = {
			isa = PBXResourcesBuildPhase;
			buildActionMask = 2147483647;
			files = (
				1387F8802878A8AD0084A835 /* LaunchScreen.storyboard in Resources */,
				1387F87D2878A8AD0084A835 /* Assets.xcassets in Resources */,
				1387F8782878A8AC0084A835 /* Main.storyboard in Resources */,
			);
			runOnlyForDeploymentPostprocessing = 0;
		};
/* End PBXResourcesBuildPhase section */

/* Begin PBXSourcesBuildPhase section */
		1387F8692878A8AC0084A835 /* Sources */ = {
			isa = PBXSourcesBuildPhase;
			buildActionMask = 2147483647;
			files = (
				13BA50BA2898E1FC00C8C7EC /* Location+CoreDataProperties.swift in Sources */,
				13BA50B92898E1FC00C8C7EC /* Location+CoreDataClass.swift in Sources */,
				13F007AA2893A6A1004C23F3 /* CategoryPickerViewController.swift in Sources */,
				1387F8752878A8AC0084A835 /* CurrentLocationViewController.swift in Sources */,
				13BA50C4289A3C0D00C8C7EC /* LocationsViewController.swift in Sources */,
				1387F8712878A8AC0084A835 /* AppDelegate.swift in Sources */,
				13BA50C2289A32ED00C8C7EC /* Constants.swift in Sources */,
				1387F87B2878A8AC0084A835 /* Photagrapher.xcdatamodeld in Sources */,
				13CD19AB28A0958400F41CE8 /* LocationManager.swift in Sources */,
				13BA50BF2898EF1900C8C7EC /* Utilities.swift in Sources */,
				1387F8732878A8AC0084A835 /* SceneDelegate.swift in Sources */,
				13F007A8289358F1004C23F3 /* LocationDetailViewController.swift in Sources */,
			);
			runOnlyForDeploymentPostprocessing = 0;
		};
/* End PBXSourcesBuildPhase section */

/* Begin PBXVariantGroup section */
		1387F8762878A8AC0084A835 /* Main.storyboard */ = {
			isa = PBXVariantGroup;
			children = (
				1387F8772878A8AC0084A835 /* Base */,
			);
			name = Main.storyboard;
			sourceTree = "<group>";
		};
		1387F87E2878A8AD0084A835 /* LaunchScreen.storyboard */ = {
			isa = PBXVariantGroup;
			children = (
				1387F87F2878A8AD0084A835 /* Base */,
			);
			name = LaunchScreen.storyboard;
			sourceTree = "<group>";
		};
/* End PBXVariantGroup section */

/* Begin XCBuildConfiguration section */
		1387F8822878A8AD0084A835 /* Debug */ = {
			isa = XCBuildConfiguration;
			buildSettings = {
				ALWAYS_SEARCH_USER_PATHS = NO;
				CLANG_ANALYZER_NONNULL = YES;
				CLANG_ANALYZER_NUMBER_OBJECT_CONVERSION = YES_AGGRESSIVE;
				CLANG_CXX_LANGUAGE_STANDARD = "gnu++17";
				CLANG_ENABLE_MODULES = YES;
				CLANG_ENABLE_OBJC_ARC = YES;
				CLANG_ENABLE_OBJC_WEAK = YES;
				CLANG_WARN_BLOCK_CAPTURE_AUTORELEASING = YES;
				CLANG_WARN_BOOL_CONVERSION = YES;
				CLANG_WARN_COMMA = YES;
				CLANG_WARN_CONSTANT_CONVERSION = YES;
				CLANG_WARN_DEPRECATED_OBJC_IMPLEMENTATIONS = YES;
				CLANG_WARN_DIRECT_OBJC_ISA_USAGE = YES_ERROR;
				CLANG_WARN_DOCUMENTATION_COMMENTS = YES;
				CLANG_WARN_EMPTY_BODY = YES;
				CLANG_WARN_ENUM_CONVERSION = YES;
				CLANG_WARN_INFINITE_RECURSION = YES;
				CLANG_WARN_INT_CONVERSION = YES;
				CLANG_WARN_NON_LITERAL_NULL_CONVERSION = YES;
				CLANG_WARN_OBJC_IMPLICIT_RETAIN_SELF = YES;
				CLANG_WARN_OBJC_LITERAL_CONVERSION = YES;
				CLANG_WARN_OBJC_ROOT_CLASS = YES_ERROR;
				CLANG_WARN_QUOTED_INCLUDE_IN_FRAMEWORK_HEADER = YES;
				CLANG_WARN_RANGE_LOOP_ANALYSIS = YES;
				CLANG_WARN_STRICT_PROTOTYPES = YES;
				CLANG_WARN_SUSPICIOUS_MOVE = YES;
				CLANG_WARN_UNGUARDED_AVAILABILITY = YES_AGGRESSIVE;
				CLANG_WARN_UNREACHABLE_CODE = YES;
				CLANG_WARN__DUPLICATE_METHOD_MATCH = YES;
				COPY_PHASE_STRIP = NO;
				DEBUG_INFORMATION_FORMAT = dwarf;
				ENABLE_STRICT_OBJC_MSGSEND = YES;
				ENABLE_TESTABILITY = YES;
				GCC_C_LANGUAGE_STANDARD = gnu11;
				GCC_DYNAMIC_NO_PIC = NO;
				GCC_NO_COMMON_BLOCKS = YES;
				GCC_OPTIMIZATION_LEVEL = 0;
				GCC_PREPROCESSOR_DEFINITIONS = (
					"DEBUG=1",
					"$(inherited)",
				);
				GCC_WARN_64_TO_32_BIT_CONVERSION = YES;
				GCC_WARN_ABOUT_RETURN_TYPE = YES_ERROR;
				GCC_WARN_UNDECLARED_SELECTOR = YES;
				GCC_WARN_UNINITIALIZED_AUTOS = YES_AGGRESSIVE;
				GCC_WARN_UNUSED_FUNCTION = YES;
				GCC_WARN_UNUSED_VARIABLE = YES;
				IPHONEOS_DEPLOYMENT_TARGET = 15.5;
				MTL_ENABLE_DEBUG_INFO = INCLUDE_SOURCE;
				MTL_FAST_MATH = YES;
				ONLY_ACTIVE_ARCH = YES;
				SDKROOT = iphoneos;
				SWIFT_ACTIVE_COMPILATION_CONDITIONS = DEBUG;
				SWIFT_OPTIMIZATION_LEVEL = "-Onone";
			};
			name = Debug;
		};
		1387F8832878A8AD0084A835 /* Release */ = {
			isa = XCBuildConfiguration;
			buildSettings = {
				ALWAYS_SEARCH_USER_PATHS = NO;
				CLANG_ANALYZER_NONNULL = YES;
				CLANG_ANALYZER_NUMBER_OBJECT_CONVERSION = YES_AGGRESSIVE;
				CLANG_CXX_LANGUAGE_STANDARD = "gnu++17";
				CLANG_ENABLE_MODULES = YES;
				CLANG_ENABLE_OBJC_ARC = YES;
				CLANG_ENABLE_OBJC_WEAK = YES;
				CLANG_WARN_BLOCK_CAPTURE_AUTORELEASING = YES;
				CLANG_WARN_BOOL_CONVERSION = YES;
				CLANG_WARN_COMMA = YES;
				CLANG_WARN_CONSTANT_CONVERSION = YES;
				CLANG_WARN_DEPRECATED_OBJC_IMPLEMENTATIONS = YES;
				CLANG_WARN_DIRECT_OBJC_ISA_USAGE = YES_ERROR;
				CLANG_WARN_DOCUMENTATION_COMMENTS = YES;
				CLANG_WARN_EMPTY_BODY = YES;
				CLANG_WARN_ENUM_CONVERSION = YES;
				CLANG_WARN_INFINITE_RECURSION = YES;
				CLANG_WARN_INT_CONVERSION = YES;
				CLANG_WARN_NON_LITERAL_NULL_CONVERSION = YES;
				CLANG_WARN_OBJC_IMPLICIT_RETAIN_SELF = YES;
				CLANG_WARN_OBJC_LITERAL_CONVERSION = YES;
				CLANG_WARN_OBJC_ROOT_CLASS = YES_ERROR;
				CLANG_WARN_QUOTED_INCLUDE_IN_FRAMEWORK_HEADER = YES;
				CLANG_WARN_RANGE_LOOP_ANALYSIS = YES;
				CLANG_WARN_STRICT_PROTOTYPES = YES;
				CLANG_WARN_SUSPICIOUS_MOVE = YES;
				CLANG_WARN_UNGUARDED_AVAILABILITY = YES_AGGRESSIVE;
				CLANG_WARN_UNREACHABLE_CODE = YES;
				CLANG_WARN__DUPLICATE_METHOD_MATCH = YES;
				COPY_PHASE_STRIP = NO;
				DEBUG_INFORMATION_FORMAT = "dwarf-with-dsym";
				ENABLE_NS_ASSERTIONS = NO;
				ENABLE_STRICT_OBJC_MSGSEND = YES;
				GCC_C_LANGUAGE_STANDARD = gnu11;
				GCC_NO_COMMON_BLOCKS = YES;
				GCC_WARN_64_TO_32_BIT_CONVERSION = YES;
				GCC_WARN_ABOUT_RETURN_TYPE = YES_ERROR;
				GCC_WARN_UNDECLARED_SELECTOR = YES;
				GCC_WARN_UNINITIALIZED_AUTOS = YES_AGGRESSIVE;
				GCC_WARN_UNUSED_FUNCTION = YES;
				GCC_WARN_UNUSED_VARIABLE = YES;
				IPHONEOS_DEPLOYMENT_TARGET = 15.5;
				MTL_ENABLE_DEBUG_INFO = NO;
				MTL_FAST_MATH = YES;
				SDKROOT = iphoneos;
				SWIFT_COMPILATION_MODE = wholemodule;
				SWIFT_OPTIMIZATION_LEVEL = "-O";
				VALIDATE_PRODUCT = YES;
			};
			name = Release;
		};
		1387F8852878A8AD0084A835 /* Debug */ = {
			isa = XCBuildConfiguration;
			buildSettings = {
				ASSETCATALOG_COMPILER_APPICON_NAME = AppIcon;
				ASSETCATALOG_COMPILER_GLOBAL_ACCENT_COLOR_NAME = AccentColor;
				CODE_SIGN_STYLE = Automatic;
				CURRENT_PROJECT_VERSION = 1;
				DEVELOPMENT_TEAM = 45V9635UTT;
				GENERATE_INFOPLIST_FILE = YES;
				INFOPLIST_FILE = Photagrapher/Info.plist;
				INFOPLIST_KEY_NSLocationWhenInUseUsageDescription = "This app keeps track of your favorite photography places. It needs access to your location";
				INFOPLIST_KEY_UIApplicationSupportsIndirectInputEvents = YES;
				INFOPLIST_KEY_UILaunchStoryboardName = LaunchScreen;
				INFOPLIST_KEY_UIMainStoryboardFile = Main;
				INFOPLIST_KEY_UISupportedInterfaceOrientations = UIInterfaceOrientationPortrait;
				INFOPLIST_KEY_UISupportedInterfaceOrientations_iPad = "UIInterfaceOrientationPortrait UIInterfaceOrientationPortraitUpsideDown UIInterfaceOrientationLandscapeLeft UIInterfaceOrientationLandscapeRight";
				INFOPLIST_KEY_UISupportedInterfaceOrientations_iPhone = "UIInterfaceOrientationPortrait UIInterfaceOrientationLandscapeLeft UIInterfaceOrientationLandscapeRight";
				LD_RUNPATH_SEARCH_PATHS = (
					"$(inherited)",
					"@executable_path/Frameworks",
				);
				MARKETING_VERSION = 1.0;
				PRODUCT_BUNDLE_IDENTIFIER = com.richieflores.Photagrapher;
				PRODUCT_NAME = "$(TARGET_NAME)";
				SWIFT_EMIT_LOC_STRINGS = YES;
				SWIFT_VERSION = 5.0;
				TARGETED_DEVICE_FAMILY = 1;
			};
			name = Debug;
		};
		1387F8862878A8AD0084A835 /* Release */ = {
			isa = XCBuildConfiguration;
			buildSettings = {
				ASSETCATALOG_COMPILER_APPICON_NAME = AppIcon;
				ASSETCATALOG_COMPILER_GLOBAL_ACCENT_COLOR_NAME = AccentColor;
				CODE_SIGN_STYLE = Automatic;
				CURRENT_PROJECT_VERSION = 1;
				DEVELOPMENT_TEAM = 45V9635UTT;
				GENERATE_INFOPLIST_FILE = YES;
				INFOPLIST_FILE = Photagrapher/Info.plist;
				INFOPLIST_KEY_NSLocationWhenInUseUsageDescription = "This app keeps track of your favorite photography places. It needs access to your location";
				INFOPLIST_KEY_UIApplicationSupportsIndirectInputEvents = YES;
				INFOPLIST_KEY_UILaunchStoryboardName = LaunchScreen;
				INFOPLIST_KEY_UIMainStoryboardFile = Main;
				INFOPLIST_KEY_UISupportedInterfaceOrientations = UIInterfaceOrientationPortrait;
				INFOPLIST_KEY_UISupportedInterfaceOrientations_iPad = "UIInterfaceOrientationPortrait UIInterfaceOrientationPortraitUpsideDown UIInterfaceOrientationLandscapeLeft UIInterfaceOrientationLandscapeRight";
				INFOPLIST_KEY_UISupportedInterfaceOrientations_iPhone = "UIInterfaceOrientationPortrait UIInterfaceOrientationLandscapeLeft UIInterfaceOrientationLandscapeRight";
				LD_RUNPATH_SEARCH_PATHS = (
					"$(inherited)",
					"@executable_path/Frameworks",
				);
				MARKETING_VERSION = 1.0;
				PRODUCT_BUNDLE_IDENTIFIER = com.richieflores.Photagrapher;
				PRODUCT_NAME = "$(TARGET_NAME)";
				SWIFT_EMIT_LOC_STRINGS = YES;
				SWIFT_VERSION = 5.0;
				TARGETED_DEVICE_FAMILY = 1;
			};
			name = Release;
		};
/* End XCBuildConfiguration section */

/* Begin XCConfigurationList section */
		1387F8682878A8AC0084A835 /* Build configuration list for PBXProject "Photagrapher" */ = {
			isa = XCConfigurationList;
			buildConfigurations = (
				1387F8822878A8AD0084A835 /* Debug */,
				1387F8832878A8AD0084A835 /* Release */,
			);
			defaultConfigurationIsVisible = 0;
			defaultConfigurationName = Release;
		};
		1387F8842878A8AD0084A835 /* Build configuration list for PBXNativeTarget "Photagrapher" */ = {
			isa = XCConfigurationList;
			buildConfigurations = (
				1387F8852878A8AD0084A835 /* Debug */,
				1387F8862878A8AD0084A835 /* Release */,
			);
			defaultConfigurationIsVisible = 0;
			defaultConfigurationName = Release;
		};
/* End XCConfigurationList section */

/* Begin XCVersionGroup section */
		1387F8792878A8AC0084A835 /* Photagrapher.xcdatamodeld */ = {
			isa = XCVersionGroup;
			children = (
				1387F87A2878A8AC0084A835 /* Photagrapher.xcdatamodel */,
			);
			currentVersion = 1387F87A2878A8AC0084A835 /* Photagrapher.xcdatamodel */;
			path = Photagrapher.xcdatamodeld;
			sourceTree = "<group>";
			versionGroupType = wrapper.xcdatamodel;
		};
/* End XCVersionGroup section */
	};
	rootObject = 1387F8652878A8AC0084A835 /* Project object */;
}
